schema: '2.0'
stages:
  load_data:
    cmd: python src/load_data.py --config=params.yaml
    deps:
    - path: data_given/heart.csv
      md5: 0691643e62f74624d19253d61990b74b
      size: 11323
    - path: src/get_data.py
      md5: bc9d246246f44d8d27f5e3310afbe67b
      size: 633
    - path: src/load_data.py
      md5: 6288a66d5ebba1d5fe91e6477b6b89a9
      size: 503
    outs:
    - path: data/raw/heart.csv
      md5: 7f7e38960a3a094106e6c308b9c67e26
      size: 11583
  split_data:
    cmd: python src/split_data.py --config=params.yaml
    deps:
    - path: data/raw/heart.csv
      md5: 7f7e38960a3a094106e6c308b9c67e26
      size: 11583
    - path: src/split_data.py
      md5: 28f8560bb20b8e4d5f4a4de7933af494
      size: 1040
    outs:
    - path: data/processed/test_heart.csv
      md5: 61e883d45d487062d28a6498eba53092
      size: 2395
    - path: data/processed/train_heart.csv
      md5: 7ac3f24b6afe3c21f2bee4ba3392de89
      size: 9267
